
Microsoft Visual Studio Solution File, Format Version 12.00
# Visual Studio 15
VisualStudioVersion = 15.0.28307.572
MinimumVisualStudioVersion = 10.0.40219.1
Project("{FAE04EC0-301F-11D3-BF4B-00C04F79EFBC}") = "MVCAlytalosovellus", "MVCAlytalosovellus\MVCAlytalosovellus.csproj", "{8D197D49-B2CF-4C30-BCC0-4BC72C4A28E4}"
EndProject
Global
	GlobalSection(SolutionConfigurationPlatforms) = preSolution
		Debug|Any CPU = Debug|Any CPU
		Release|Any CPU = Release|Any CPU
	EndGlobalSection
	GlobalSection(ProjectConfigurationPlatforms) = postSolution
		{8D197D49-B2CF-4C30-BCC0-4BC72C4A28E4}.Debug|Any CPU.ActiveCfg = Debug|Any CPU
		{8D197D49-B2CF-4C30-BCC0-4BC72C4A28E4}.Debug|Any CPU.Build.0 = Debug|Any CPU
		{8D197D49-B2CF-4C30-BCC0-4BC72C4A28E4}.Release|Any CPU.ActiveCfg = Release|Any CPU
		{8D197D49-B2CF-4C30-BCC0-4BC72C4A28E4}.Release|Any CPU.Build.0 = Release|Any CPU
	EndGlobalSection
	GlobalSection(SolutionProperties) = preSolution
		HideSolutionNode = FALSE
	EndGlobalSection
	GlobalSection(ExtensibilityGlobals) = postSolution
		SolutionGuid = {8A5E1B0F-12AE-4082-B1C3-91FF047CCAE3}
	EndGlobalSection
EndGlobal
